
Microsoft Visual Studio Solution File, Format Version 12.00
# Visual Studio Version 16
VisualStudioVersion = 16.0.31129.286
MinimumVisualStudioVersion = 10.0.40219.1
Project("{2150E333-8FDC-42A3-9474-1A3956D46DE8}") = "Services", "Services", "{E7B2D18D-9975-4612-9B30-77E371DC5A87}"
EndProject
Project("{2150E333-8FDC-42A3-9474-1A3956D46DE8}") = "Catalog", "Catalog", "{A19EBC68-F9E0-4271-A0B2-1E852F5DEDA4}"
EndProject
Project("{9A19103F-16F7-4668-BE54-9A1E7A4F7556}") = "Catalog.API", "Services\Catalog\Catalog.API\Catalog.API.csproj", "{7E3B3A81-BAF3-42E7-8E3A-57FF26B6D298}"
EndProject
Project("{E53339B2-1760-4266-BCC7-CA923CBCF16C}") = "docker-compose", "docker-compose.dcproj", "{154D1A1E-286C-4E9D-B2DF-AF1A7D2E3CDF}"
EndProject
Project("{2150E333-8FDC-42A3-9474-1A3956D46DE8}") = "Basket", "Basket", "{7C3E4CD1-8CA1-43E7-8522-507D26F87A11}"
EndProject
Project("{9A19103F-16F7-4668-BE54-9A1E7A4F7556}") = "Basket.API", "Services\Basket\Basket.API\Basket.API.csproj", "{D7CE9B15-39B2-4AD4-A915-6788BC857FB5}"
EndProject
Project("{2150E333-8FDC-42A3-9474-1A3956D46DE8}") = "Discount", "Discount", "{0D2965C5-93EC-422A-B87E-CBCBDB763355}"
EndProject
Project("{9A19103F-16F7-4668-BE54-9A1E7A4F7556}") = "Discount.API", "Services\Discount\Discount.API\Discount.API.csproj", "{733F6D9F-6B4D-4CB6-AE7F-A959EBF434C2}"
EndProject
Project("{9A19103F-16F7-4668-BE54-9A1E7A4F7556}") = "Discount.Grpc", "Services\Discount\Discount.Grpc\Discount.Grpc.csproj", "{95A0D11D-0762-4EFF-810F-162C3A78D8DB}"
EndProject
Project("{2150E333-8FDC-42A3-9474-1A3956D46DE8}") = "Ordering", "Ordering", "{EE6E68BB-AE63-4FED-AED7-32148328D3C2}"
EndProject
Project("{9A19103F-16F7-4668-BE54-9A1E7A4F7556}") = "Ordering.API", "Services\Ordering\Ordering.API\Ordering.API.csproj", "{124A4F0E-166F-422B-9C6C-E0ABBE3436E4}"
EndProject
Project("{9A19103F-16F7-4668-BE54-9A1E7A4F7556}") = "Ordering.Domain", "Services\Ordering\Ordering.Domain\Ordering.Domain.csproj", "{FDA61574-DB7F-40A1-94D2-055E59136BA4}"
EndProject
Project("{9A19103F-16F7-4668-BE54-9A1E7A4F7556}") = "Ordering.Application", "Services\Ordering\Ordering.Application\Ordering.Application.csproj", "{4AAA7816-4433-4D91-A32F-A614FCED332B}"
EndProject
Project("{9A19103F-16F7-4668-BE54-9A1E7A4F7556}") = "Ordering.Infrastructure", "Services\Ordering\Ordering.Infrastructure\Ordering.Infrastructure.csproj", "{DD553876-50F8-4803-9972-2E633D03537A}"
EndProject
Project("{2150E333-8FDC-42A3-9474-1A3956D46DE8}") = "BuildingBlocks", "BuildingBlocks", "{DA2A0B85-3919-412C-A1D3-D38F656C2907}"
EndProject
Project("{9A19103F-16F7-4668-BE54-9A1E7A4F7556}") = "EventBus.Messages", "BuildingBlocks\EventBus.Messages\EventBus.Messages.csproj", "{E097CBBA-FD31-4D9C-9688-A2D3A95D95C0}"
EndProject
Project("{2150E333-8FDC-42A3-9474-1A3956D46DE8}") = "ApiGateways", "ApiGateways", "{78DEEF41-01FC-41F4-8815-4436A88F6693}"
EndProject
Project("{9A19103F-16F7-4668-BE54-9A1E7A4F7556}") = "OcelotApiGw", "ApiGateways\OcelotApiGw\OcelotApiGw.csproj", "{1DEB8213-E77B-4FE7-91F9-F60935929600}"
EndProject
Project("{9A19103F-16F7-4668-BE54-9A1E7A4F7556}") = "Shopping.Aggregator", "ApiGateways\Shopping.Aggregator\Shopping.Aggregator.csproj", "{C56B1AC3-89E3-477E-8F68-C20FF91ABEF2}"
EndProject
Project("{2150E333-8FDC-42A3-9474-1A3956D46DE8}") = "WebApps", "WebApps", "{6929E15F-9F36-467C-AFFC-D8723FF5033B}"
EndProject
Project("{9A19103F-16F7-4668-BE54-9A1E7A4F7556}") = "AspnetRunBasics", "WebApps\AspnetRunBasics\AspnetRunBasics.csproj", "{99ECDB02-8B47-4F20-8BA6-84B8B70A5BCA}"
EndProject
Global
	GlobalSection(SolutionConfigurationPlatforms) = preSolution
		Debug|Any CPU = Debug|Any CPU
		Release|Any CPU = Release|Any CPU
	EndGlobalSection
	GlobalSection(ProjectConfigurationPlatforms) = postSolution
		{7E3B3A81-BAF3-42E7-8E3A-57FF26B6D298}.Debug|Any CPU.ActiveCfg = Debug|Any CPU
		{7E3B3A81-BAF3-42E7-8E3A-57FF26B6D298}.Debug|Any CPU.Build.0 = Debug|Any CPU
		{7E3B3A81-BAF3-42E7-8E3A-57FF26B6D298}.Release|Any CPU.ActiveCfg = Release|Any CPU
		{7E3B3A81-BAF3-42E7-8E3A-57FF26B6D298}.Release|Any CPU.Build.0 = Release|Any CPU
		{154D1A1E-286C-4E9D-B2DF-AF1A7D2E3CDF}.Debug|Any CPU.ActiveCfg = Debug|Any CPU
		{154D1A1E-286C-4E9D-B2DF-AF1A7D2E3CDF}.Debug|Any CPU.Build.0 = Debug|Any CPU
		{154D1A1E-286C-4E9D-B2DF-AF1A7D2E3CDF}.Release|Any CPU.ActiveCfg = Release|Any CPU
		{154D1A1E-286C-4E9D-B2DF-AF1A7D2E3CDF}.Release|Any CPU.Build.0 = Release|Any CPU
		{D7CE9B15-39B2-4AD4-A915-6788BC857FB5}.Debug|Any CPU.ActiveCfg = Debug|Any CPU
		{D7CE9B15-39B2-4AD4-A915-6788BC857FB5}.Debug|Any CPU.Build.0 = Debug|Any CPU
		{D7CE9B15-39B2-4AD4-A915-6788BC857FB5}.Release|Any CPU.ActiveCfg = Release|Any CPU
		{D7CE9B15-39B2-4AD4-A915-6788BC857FB5}.Release|Any CPU.Build.0 = Release|Any CPU
		{733F6D9F-6B4D-4CB6-AE7F-A959EBF434C2}.Debug|Any CPU.ActiveCfg = Debug|Any CPU
		{733F6D9F-6B4D-4CB6-AE7F-A959EBF434C2}.Debug|Any CPU.Build.0 = Debug|Any CPU
		{733F6D9F-6B4D-4CB6-AE7F-A959EBF434C2}.Release|Any CPU.ActiveCfg = Release|Any CPU
		{733F6D9F-6B4D-4CB6-AE7F-A959EBF434C2}.Release|Any CPU.Build.0 = Release|Any CPU
		{95A0D11D-0762-4EFF-810F-162C3A78D8DB}.Debug|Any CPU.ActiveCfg = Debug|Any CPU
		{95A0D11D-0762-4EFF-810F-162C3A78D8DB}.Debug|Any CPU.Build.0 = Debug|Any CPU
		{95A0D11D-0762-4EFF-810F-162C3A78D8DB}.Release|Any CPU.ActiveCfg = Release|Any CPU
		{95A0D11D-0762-4EFF-810F-162C3A78D8DB}.Release|Any CPU.Build.0 = Release|Any CPU
		{124A4F0E-166F-422B-9C6C-E0ABBE3436E4}.Debug|Any CPU.ActiveCfg = Debug|Any CPU
		{124A4F0E-166F-422B-9C6C-E0ABBE3436E4}.Debug|Any CPU.Build.0 = Debug|Any CPU
		{124A4F0E-166F-422B-9C6C-E0ABBE3436E4}.Release|Any CPU.ActiveCfg = Release|Any CPU
		{124A4F0E-166F-422B-9C6C-E0ABBE3436E4}.Release|Any CPU.Build.0 = Release|Any CPU
		{FDA61574-DB7F-40A1-94D2-055E59136BA4}.Debug|Any CPU.ActiveCfg = Debug|Any CPU
		{FDA61574-DB7F-40A1-94D2-055E59136BA4}.Debug|Any CPU.Build.0 = Debug|Any CPU
		{FDA61574-DB7F-40A1-94D2-055E59136BA4}.Release|Any CPU.ActiveCfg = Release|Any CPU
		{FDA61574-DB7F-40A1-94D2-055E59136BA4}.Release|Any CPU.Build.0 = Release|Any CPU
		{4AAA7816-4433-4D91-A32F-A614FCED332B}.Debug|Any CPU.ActiveCfg = Debug|Any CPU
		{4AAA7816-4433-4D91-A32F-A614FCED332B}.Debug|Any CPU.Build.0 = Debug|Any CPU
		{4AAA7816-4433-4D91-A32F-A614FCED332B}.Release|Any CPU.ActiveCfg = Release|Any CPU
		{4AAA7816-4433-4D91-A32F-A614FCED332B}.Release|Any CPU.Build.0 = Release|Any CPU
		{DD553876-50F8-4803-9972-2E633D03537A}.Debug|Any CPU.ActiveCfg = Debug|Any CPU
		{DD553876-50F8-4803-9972-2E633D03537A}.Debug|Any CPU.Build.0 = Debug|Any CPU
		{DD553876-50F8-4803-9972-2E633D03537A}.Release|Any CPU.ActiveCfg = Release|Any CPU
		{DD553876-50F8-4803-9972-2E633D03537A}.Release|Any CPU.Build.0 = Release|Any CPU
		{E097CBBA-FD31-4D9C-9688-A2D3A95D95C0}.Debug|Any CPU.ActiveCfg = Debug|Any CPU
		{E097CBBA-FD31-4D9C-9688-A2D3A95D95C0}.Debug|Any CPU.Build.0 = Debug|Any CPU
		{E097CBBA-FD31-4D9C-9688-A2D3A95D95C0}.Release|Any CPU.ActiveCfg = Release|Any CPU
		{E097CBBA-FD31-4D9C-9688-A2D3A95D95C0}.Release|Any CPU.Build.0 = Release|Any CPU
		{1DEB8213-E77B-4FE7-91F9-F60935929600}.Debug|Any CPU.ActiveCfg = Debug|Any CPU
		{1DEB8213-E77B-4FE7-91F9-F60935929600}.Debug|Any CPU.Build.0 = Debug|Any CPU
		{1DEB8213-E77B-4FE7-91F9-F60935929600}.Release|Any CPU.ActiveCfg = Release|Any CPU
		{1DEB8213-E77B-4FE7-91F9-F60935929600}.Release|Any CPU.Build.0 = Release|Any CPU
		{C56B1AC3-89E3-477E-8F68-C20FF91ABEF2}.Debug|Any CPU.ActiveCfg = Debug|Any CPU
		{C56B1AC3-89E3-477E-8F68-C20FF91ABEF2}.Debug|Any CPU.Build.0 = Debug|Any CPU
		{C56B1AC3-89E3-477E-8F68-C20FF91ABEF2}.Release|Any CPU.ActiveCfg = Release|Any CPU
		{C56B1AC3-89E3-477E-8F68-C20FF91ABEF2}.Release|Any CPU.Build.0 = Release|Any CPU
		{99ECDB02-8B47-4F20-8BA6-84B8B70A5BCA}.Debug|Any CPU.ActiveCfg = Debug|Any CPU
		{99ECDB02-8B47-4F20-8BA6-84B8B70A5BCA}.Debug|Any CPU.Build.0 = Debug|Any CPU
		{99ECDB02-8B47-4F20-8BA6-84B8B70A5BCA}.Release|Any CPU.ActiveCfg = Release|Any CPU
		{99ECDB02-8B47-4F20-8BA6-84B8B70A5BCA}.Release|Any CPU.Build.0 = Release|Any CPU
	EndGlobalSection
	GlobalSection(SolutionProperties) = preSolution
		HideSolutionNode = FALSE
	EndGlobalSection
	GlobalSection(NestedProjects) = preSolution
		{A19EBC68-F9E0-4271-A0B2-1E852F5DEDA4} = {E7B2D18D-9975-4612-9B30-77E371DC5A87}
		{7E3B3A81-BAF3-42E7-8E3A-57FF26B6D298} = {A19EBC68-F9E0-4271-A0B2-1E852F5DEDA4}
		{7C3E4CD1-8CA1-43E7-8522-507D26F87A11} = {E7B2D18D-9975-4612-9B30-77E371DC5A87}
		{D7CE9B15-39B2-4AD4-A915-6788BC857FB5} = {7C3E4CD1-8CA1-43E7-8522-507D26F87A11}
		{0D2965C5-93EC-422A-B87E-CBCBDB763355} = {E7B2D18D-9975-4612-9B30-77E371DC5A87}
		{733F6D9F-6B4D-4CB6-AE7F-A959EBF434C2} = {0D2965C5-93EC-422A-B87E-CBCBDB763355}
		{95A0D11D-0762-4EFF-810F-162C3A78D8DB} = {0D2965C5-93EC-422A-B87E-CBCBDB763355}
		{EE6E68BB-AE63-4FED-AED7-32148328D3C2} = {E7B2D18D-9975-4612-9B30-77E371DC5A87}
		{124A4F0E-166F-422B-9C6C-E0ABBE3436E4} = {EE6E68BB-AE63-4FED-AED7-32148328D3C2}
		{FDA61574-DB7F-40A1-94D2-055E59136BA4} = {EE6E68BB-AE63-4FED-AED7-32148328D3C2}
		{4AAA7816-4433-4D91-A32F-A614FCED332B} = {EE6E68BB-AE63-4FED-AED7-32148328D3C2}
		{DD553876-50F8-4803-9972-2E633D03537A} = {EE6E68BB-AE63-4FED-AED7-32148328D3C2}
		{E097CBBA-FD31-4D9C-9688-A2D3A95D95C0} = {DA2A0B85-3919-412C-A1D3-D38F656C2907}
		{1DEB8213-E77B-4FE7-91F9-F60935929600} = {78DEEF41-01FC-41F4-8815-4436A88F6693}
		{C56B1AC3-89E3-477E-8F68-C20FF91ABEF2} = {78DEEF41-01FC-41F4-8815-4436A88F6693}
		{99ECDB02-8B47-4F20-8BA6-84B8B70A5BCA} = {6929E15F-9F36-467C-AFFC-D8723FF5033B}
	EndGlobalSection
	GlobalSection(ExtensibilityGlobals) = postSolution
		SolutionGuid = {FD5A35CF-8B2B-4719-8A7B-51AA531DF0D1}
	EndGlobalSection
EndGlobal
