
Microsoft Visual Studio Solution File, Format Version 12.00
# Visual Studio Version 16
VisualStudioVersion = 16.0.31129.286
MinimumVisualStudioVersion = 10.0.40219.1
Project("{2150E333-8FDC-42A3-9474-1A3956D46DE8}") = "Services", "Services", "{E7B2D18D-9975-4612-9B30-77E371DC5A87}"
EndProject
Project("{2150E333-8FDC-42A3-9474-1A3956D46DE8}") = "Catalog", "Catalog", "{A19EBC68-F9E0-4271-A0B2-1E852F5DEDA4}"
EndProject
Project("{9A19103F-16F7-4668-BE54-9A1E7A4F7556}") = "Catalog.API", "Services\Catalog\Catalog.API\Catalog.API.csproj", "{7E3B3A81-BAF3-42E7-8E3A-57FF26B6D298}"
EndProject
Project("{E53339B2-1760-4266-BCC7-CA923CBCF16C}") = "docker-compose", "docker-compose.dcproj", "{154D1A1E-286C-4E9D-B2DF-AF1A7D2E3CDF}"
EndProject
Project("{2150E333-8FDC-42A3-9474-1A3956D46DE8}") = "Basket", "Basket", "{7C3E4CD1-8CA1-43E7-8522-507D26F87A11}"
EndProject
Project("{9A19103F-16F7-4668-BE54-9A1E7A4F7556}") = "Basket.API", "Services\Basket\Basket.API\Basket.API.csproj", "{D7CE9B15-39B2-4AD4-A915-6788BC857FB5}"
EndProject
Project("{2150E333-8FDC-42A3-9474-1A3956D46DE8}") = "Discount", "Discount", "{0D2965C5-93EC-422A-B87E-CBCBDB763355}"
EndProject
Project("{9A19103F-16F7-4668-BE54-9A1E7A4F7556}") = "Discount.API", "Services\Discount\Discount.API\Discount.API.csproj", "{733F6D9F-6B4D-4CB6-AE7F-A959EBF434C2}"
EndProject
Project("{9A19103F-16F7-4668-BE54-9A1E7A4F7556}") = "Discount.Grpc", "Services\Discount\Discount.Grpc\Discount.Grpc.csproj", "{95A0D11D-0762-4EFF-810F-162C3A78D8DB}"
EndProject
Global
	GlobalSection(SolutionConfigurationPlatforms) = preSolution
		Debug|Any CPU = Debug|Any CPU
		Release|Any CPU = Release|Any CPU
	EndGlobalSection
	GlobalSection(ProjectConfigurationPlatforms) = postSolution
		{7E3B3A81-BAF3-42E7-8E3A-57FF26B6D298}.Debug|Any CPU.ActiveCfg = Debug|Any CPU
		{7E3B3A81-BAF3-42E7-8E3A-57FF26B6D298}.Debug|Any CPU.Build.0 = Debug|Any CPU
		{7E3B3A81-BAF3-42E7-8E3A-57FF26B6D298}.Release|Any CPU.ActiveCfg = Release|Any CPU
		{7E3B3A81-BAF3-42E7-8E3A-57FF26B6D298}.Release|Any CPU.Build.0 = Release|Any CPU
		{154D1A1E-286C-4E9D-B2DF-AF1A7D2E3CDF}.Debug|Any CPU.ActiveCfg = Debug|Any CPU
		{154D1A1E-286C-4E9D-B2DF-AF1A7D2E3CDF}.Debug|Any CPU.Build.0 = Debug|Any CPU
		{154D1A1E-286C-4E9D-B2DF-AF1A7D2E3CDF}.Release|Any CPU.ActiveCfg = Release|Any CPU
		{154D1A1E-286C-4E9D-B2DF-AF1A7D2E3CDF}.Release|Any CPU.Build.0 = Release|Any CPU
		{D7CE9B15-39B2-4AD4-A915-6788BC857FB5}.Debug|Any CPU.ActiveCfg = Debug|Any CPU
		{D7CE9B15-39B2-4AD4-A915-6788BC857FB5}.Debug|Any CPU.Build.0 = Debug|Any CPU
		{D7CE9B15-39B2-4AD4-A915-6788BC857FB5}.Release|Any CPU.ActiveCfg = Release|Any CPU
		{D7CE9B15-39B2-4AD4-A915-6788BC857FB5}.Release|Any CPU.Build.0 = Release|Any CPU
		{733F6D9F-6B4D-4CB6-AE7F-A959EBF434C2}.Debug|Any CPU.ActiveCfg = Debug|Any CPU
		{733F6D9F-6B4D-4CB6-AE7F-A959EBF434C2}.Debug|Any CPU.Build.0 = Debug|Any CPU
		{733F6D9F-6B4D-4CB6-AE7F-A959EBF434C2}.Release|Any CPU.ActiveCfg = Release|Any CPU
		{733F6D9F-6B4D-4CB6-AE7F-A959EBF434C2}.Release|Any CPU.Build.0 = Release|Any CPU
		{95A0D11D-0762-4EFF-810F-162C3A78D8DB}.Debug|Any CPU.ActiveCfg = Debug|Any CPU
		{95A0D11D-0762-4EFF-810F-162C3A78D8DB}.Debug|Any CPU.Build.0 = Debug|Any CPU
		{95A0D11D-0762-4EFF-810F-162C3A78D8DB}.Release|Any CPU.ActiveCfg = Release|Any CPU
		{95A0D11D-0762-4EFF-810F-162C3A78D8DB}.Release|Any CPU.Build.0 = Release|Any CPU
	EndGlobalSection
	GlobalSection(SolutionProperties) = preSolution
		HideSolutionNode = FALSE
	EndGlobalSection
	GlobalSection(NestedProjects) = preSolution
		{A19EBC68-F9E0-4271-A0B2-1E852F5DEDA4} = {E7B2D18D-9975-4612-9B30-77E371DC5A87}
		{7E3B3A81-BAF3-42E7-8E3A-57FF26B6D298} = {A19EBC68-F9E0-4271-A0B2-1E852F5DEDA4}
		{7C3E4CD1-8CA1-43E7-8522-507D26F87A11} = {E7B2D18D-9975-4612-9B30-77E371DC5A87}
		{D7CE9B15-39B2-4AD4-A915-6788BC857FB5} = {7C3E4CD1-8CA1-43E7-8522-507D26F87A11}
		{0D2965C5-93EC-422A-B87E-CBCBDB763355} = {E7B2D18D-9975-4612-9B30-77E371DC5A87}
		{733F6D9F-6B4D-4CB6-AE7F-A959EBF434C2} = {0D2965C5-93EC-422A-B87E-CBCBDB763355}
		{95A0D11D-0762-4EFF-810F-162C3A78D8DB} = {0D2965C5-93EC-422A-B87E-CBCBDB763355}
	EndGlobalSection
	GlobalSection(ExtensibilityGlobals) = postSolution
		SolutionGuid = {FD5A35CF-8B2B-4719-8A7B-51AA531DF0D1}
	EndGlobalSection
EndGlobal
